github.com/diemenator/go-chanstreaming/pkg/chanstreaming v0.0.0-20250412222009-09ad2f65befe h1:ng7mtUBajpqJuqf11S7blvlmF8kkGg2rDyGoz4nBxcM=
github.com/diemenator/go-chanstreaming/pkg/chanstreaming v0.0.0-20250412222009-09ad2f65befe/go.mod h1:lsuvzUpXdZLqt/IfxXZe5O+0OfgEcKpfTqAT5DIpwH4=
github.com/diemenator/go-chanstreaming/pkg/chanstreaming v0.0.0-20250416201532-5c5b5f314b9e h1:+o7X+F9I/j5DvGzoBY0XaBhJuZoUkUNnt395Ev7nqa8=
github.com/diemenator/go-chanstreaming/pkg/chanstreaming v0.0.0-20250416201532-5c5b5f314b9e/go.mod h1:lsuvzUpXdZLqt/IfxXZe5O+0OfgEcKpfTqAT5DIpwH4=
